
Microsoft Visual Studio Solution File, Format Version 12.00
# Visual Studio Version 17
VisualStudioVersion = 17.0.31903.59
MinimumVisualStudioVersion = 10.0.40219.1
Project("{FAE04EC0-301F-11D3-BF4B-00C04F79EFBC}") = "Order.API", "Order.API\Order.API.csproj", "{A799D524-EFE3-4385-A372-A092AA5FE673}"
EndProject
Project("{FAE04EC0-301F-11D3-BF4B-00C04F79EFBC}") = "Order.Application", "Order.Application\Order.Application.csproj", "{83FF86D7-C6F2-4062-90B9-6B77EC95FECF}"
EndProject
Project("{FAE04EC0-301F-11D3-BF4B-00C04F79EFBC}") = "Order.Domain", "Order.Domain\Order.Domain.csproj", "{07520341-29B8-4DB0-846C-DF853BF681ED}"
EndProject
Project("{FAE04EC0-301F-11D3-BF4B-00C04F79EFBC}") = "Order.Infrastructure", "Order.Infrastructure\Order.Infrastructure.csproj", "{DC066DC1-366E-4389-A5B2-C94D4E01ED48}"
EndProject
Global
	GlobalSection(SolutionConfigurationPlatforms) = preSolution
		Debug|Any CPU = Debug|Any CPU
		Debug|x64 = Debug|x64
		Debug|x86 = Debug|x86
		Release|Any CPU = Release|Any CPU
		Release|x64 = Release|x64
		Release|x86 = Release|x86
	EndGlobalSection
	GlobalSection(ProjectConfigurationPlatforms) = postSolution
		{A799D524-EFE3-4385-A372-A092AA5FE673}.Debug|Any CPU.ActiveCfg = Debug|Any CPU
		{A799D524-EFE3-4385-A372-A092AA5FE673}.Debug|Any CPU.Build.0 = Debug|Any CPU
		{A799D524-EFE3-4385-A372-A092AA5FE673}.Debug|x64.ActiveCfg = Debug|Any CPU
		{A799D524-EFE3-4385-A372-A092AA5FE673}.Debug|x64.Build.0 = Debug|Any CPU
		{A799D524-EFE3-4385-A372-A092AA5FE673}.Debug|x86.ActiveCfg = Debug|Any CPU
		{A799D524-EFE3-4385-A372-A092AA5FE673}.Debug|x86.Build.0 = Debug|Any CPU
		{A799D524-EFE3-4385-A372-A092AA5FE673}.Release|Any CPU.ActiveCfg = Release|Any CPU
		{A799D524-EFE3-4385-A372-A092AA5FE673}.Release|Any CPU.Build.0 = Release|Any CPU
		{A799D524-EFE3-4385-A372-A092AA5FE673}.Release|x64.ActiveCfg = Release|Any CPU
		{A799D524-EFE3-4385-A372-A092AA5FE673}.Release|x64.Build.0 = Release|Any CPU
		{A799D524-EFE3-4385-A372-A092AA5FE673}.Release|x86.ActiveCfg = Release|Any CPU
		{A799D524-EFE3-4385-A372-A092AA5FE673}.Release|x86.Build.0 = Release|Any CPU
		{83FF86D7-C6F2-4062-90B9-6B77EC95FECF}.Debug|Any CPU.ActiveCfg = Debug|Any CPU
		{83FF86D7-C6F2-4062-90B9-6B77EC95FECF}.Debug|Any CPU.Build.0 = Debug|Any CPU
		{83FF86D7-C6F2-4062-90B9-6B77EC95FECF}.Debug|x64.ActiveCfg = Debug|Any CPU
		{83FF86D7-C6F2-4062-90B9-6B77EC95FECF}.Debug|x64.Build.0 = Debug|Any CPU
		{83FF86D7-C6F2-4062-90B9-6B77EC95FECF}.Debug|x86.ActiveCfg = Debug|Any CPU
		{83FF86D7-C6F2-4062-90B9-6B77EC95FECF}.Debug|x86.Build.0 = Debug|Any CPU
		{83FF86D7-C6F2-4062-90B9-6B77EC95FECF}.Release|Any CPU.ActiveCfg = Release|Any CPU
		{83FF86D7-C6F2-4062-90B9-6B77EC95FECF}.Release|Any CPU.Build.0 = Release|Any CPU
		{83FF86D7-C6F2-4062-90B9-6B77EC95FECF}.Release|x64.ActiveCfg = Release|Any CPU
		{83FF86D7-C6F2-4062-90B9-6B77EC95FECF}.Release|x64.Build.0 = Release|Any CPU
		{83FF86D7-C6F2-4062-90B9-6B77EC95FECF}.Release|x86.ActiveCfg = Release|Any CPU
		{83FF86D7-C6F2-4062-90B9-6B77EC95FECF}.Release|x86.Build.0 = Release|Any CPU
		{07520341-29B8-4DB0-846C-DF853BF681ED}.Debug|Any CPU.ActiveCfg = Debug|Any CPU
		{07520341-29B8-4DB0-846C-DF853BF681ED}.Debug|Any CPU.Build.0 = Debug|Any CPU
		{07520341-29B8-4DB0-846C-DF853BF681ED}.Debug|x64.ActiveCfg = Debug|Any CPU
		{07520341-29B8-4DB0-846C-DF853BF681ED}.Debug|x64.Build.0 = Debug|Any CPU
		{07520341-29B8-4DB0-846C-DF853BF681ED}.Debug|x86.ActiveCfg = Debug|Any CPU
		{07520341-29B8-4DB0-846C-DF853BF681ED}.Debug|x86.Build.0 = Debug|Any CPU
		{07520341-29B8-4DB0-846C-DF853BF681ED}.Release|Any CPU.ActiveCfg = Release|Any CPU
		{07520341-29B8-4DB0-846C-DF853BF681ED}.Release|Any CPU.Build.0 = Release|Any CPU
		{07520341-29B8-4DB0-846C-DF853BF681ED}.Release|x64.ActiveCfg = Release|Any CPU
		{07520341-29B8-4DB0-846C-DF853BF681ED}.Release|x64.Build.0 = Release|Any CPU
		{07520341-29B8-4DB0-846C-DF853BF681ED}.Release|x86.ActiveCfg = Release|Any CPU
		{07520341-29B8-4DB0-846C-DF853BF681ED}.Release|x86.Build.0 = Release|Any CPU
		{DC066DC1-366E-4389-A5B2-C94D4E01ED48}.Debug|Any CPU.ActiveCfg = Debug|Any CPU
		{DC066DC1-366E-4389-A5B2-C94D4E01ED48}.Debug|Any CPU.Build.0 = Debug|Any CPU
		{DC066DC1-366E-4389-A5B2-C94D4E01ED48}.Debug|x64.ActiveCfg = Debug|Any CPU
		{DC066DC1-366E-4389-A5B2-C94D4E01ED48}.Debug|x64.Build.0 = Debug|Any CPU
		{DC066DC1-366E-4389-A5B2-C94D4E01ED48}.Debug|x86.ActiveCfg = Debug|Any CPU
		{DC066DC1-366E-4389-A5B2-C94D4E01ED48}.Debug|x86.Build.0 = Debug|Any CPU
		{DC066DC1-366E-4389-A5B2-C94D4E01ED48}.Release|Any CPU.ActiveCfg = Release|Any CPU
		{DC066DC1-366E-4389-A5B2-C94D4E01ED48}.Release|Any CPU.Build.0 = Release|Any CPU
		{DC066DC1-366E-4389-A5B2-C94D4E01ED48}.Release|x64.ActiveCfg = Release|Any CPU
		{DC066DC1-366E-4389-A5B2-C94D4E01ED48}.Release|x64.Build.0 = Release|Any CPU
		{DC066DC1-366E-4389-A5B2-C94D4E01ED48}.Release|x86.ActiveCfg = Release|Any CPU
		{DC066DC1-366E-4389-A5B2-C94D4E01ED48}.Release|x86.Build.0 = Release|Any CPU
	EndGlobalSection
	GlobalSection(SolutionProperties) = preSolution
		HideSolutionNode = FALSE
	EndGlobalSection
EndGlobal
